
Microsoft Visual Studio Solution File, Format Version 12.00
# Visual Studio Version 17
VisualStudioVersion = 17.9.34902.65
MinimumVisualStudioVersion = 10.0.40219.1
Project("{FAE04EC0-301F-11D3-BF4B-00C04F79EFBC}") = "factory-method", "factory-method\factory-method.csproj", "{0931C5D6-28F3-4265-805C-ED5CCE790323}"
EndProject
Global
	GlobalSection(SolutionConfigurationPlatforms) = preSolution
		Debug|Any CPU = Debug|Any CPU
		Release|Any CPU = Release|Any CPU
	EndGlobalSection
	GlobalSection(ProjectConfigurationPlatforms) = postSolution
		{0931C5D6-28F3-4265-805C-ED5CCE790323}.Debug|Any CPU.ActiveCfg = Debug|Any CPU
		{0931C5D6-28F3-4265-805C-ED5CCE790323}.Debug|Any CPU.Build.0 = Debug|Any CPU
		{0931C5D6-28F3-4265-805C-ED5CCE790323}.Release|Any CPU.ActiveCfg = Release|Any CPU
		{0931C5D6-28F3-4265-805C-ED5CCE790323}.Release|Any CPU.Build.0 = Release|Any CPU
	EndGlobalSection
	GlobalSection(SolutionProperties) = preSolution
		HideSolutionNode = FALSE
	EndGlobalSection
	GlobalSection(ExtensibilityGlobals) = postSolution
		SolutionGuid = {757F314A-4058-43D9-9681-8FCC53DA454F}
	EndGlobalSection
EndGlobal
